
Microsoft Visual Studio Solution File, Format Version 11.00
# Visual Studio 2010
Project("{FAE04EC0-301F-11D3-BF4B-00C04F79EFBC}") = "2016082701 CS - HelloWorld", "2016082701 CS - HelloWorld\2016082701 CS - HelloWorld.csproj", "{B7EC230F-2BA1-40AA-9977-FA020B9C176C}"
EndProject
Global
	GlobalSection(SolutionConfigurationPlatforms) = preSolution
		Debug|x86 = Debug|x86
		Release|x86 = Release|x86
	EndGlobalSection
	GlobalSection(ProjectConfigurationPlatforms) = postSolution
		{B7EC230F-2BA1-40AA-9977-FA020B9C176C}.Debug|x86.ActiveCfg = Debug|x86
		{B7EC230F-2BA1-40AA-9977-FA020B9C176C}.Debug|x86.Build.0 = Debug|x86
		{B7EC230F-2BA1-40AA-9977-FA020B9C176C}.Release|x86.ActiveCfg = Release|x86
		{B7EC230F-2BA1-40AA-9977-FA020B9C176C}.Release|x86.Build.0 = Release|x86
	EndGlobalSection
	GlobalSection(SolutionProperties) = preSolution
		HideSolutionNode = FALSE
	EndGlobalSection
EndGlobal
